
Microsoft Visual Studio Solution File, Format Version 12.00
# Visual Studio Version 17
VisualStudioVersion = 17.2.32630.192
MinimumVisualStudioVersion = 10.0.40219.1
Project("{FAE04EC0-301F-11D3-BF4B-00C04F79EFBC}") = "while대신 for활용", "while대신 for활용\while대신 for활용.csproj", "{51A149C3-91E3-4D37-9360-69DA67A9120C}"
EndProject
Global
	GlobalSection(SolutionConfigurationPlatforms) = preSolution
		Debug|Any CPU = Debug|Any CPU
		Release|Any CPU = Release|Any CPU
	EndGlobalSection
	GlobalSection(ProjectConfigurationPlatforms) = postSolution
		{51A149C3-91E3-4D37-9360-69DA67A9120C}.Debug|Any CPU.ActiveCfg = Debug|Any CPU
		{51A149C3-91E3-4D37-9360-69DA67A9120C}.Debug|Any CPU.Build.0 = Debug|Any CPU
		{51A149C3-91E3-4D37-9360-69DA67A9120C}.Release|Any CPU.ActiveCfg = Release|Any CPU
		{51A149C3-91E3-4D37-9360-69DA67A9120C}.Release|Any CPU.Build.0 = Release|Any CPU
	EndGlobalSection
	GlobalSection(SolutionProperties) = preSolution
		HideSolutionNode = FALSE
	EndGlobalSection
	GlobalSection(ExtensibilityGlobals) = postSolution
		SolutionGuid = {1D785623-3459-4C3B-8DE9-4C3A05488FA9}
	EndGlobalSection
EndGlobal
