
Microsoft Visual Studio Solution File, Format Version 12.00
# Visual Studio Version 17
VisualStudioVersion = 17.2.32630.192
MinimumVisualStudioVersion = 10.0.40219.1
Project("{FAE04EC0-301F-11D3-BF4B-00C04F79EFBC}") = "Variale", "Variale\Variale.csproj", "{09C9C7F1-E071-4DCC-BAD6-FCF09D3AD587}"
EndProject
Global
	GlobalSection(SolutionConfigurationPlatforms) = preSolution
		Debug|Any CPU = Debug|Any CPU
		Release|Any CPU = Release|Any CPU
	EndGlobalSection
	GlobalSection(ProjectConfigurationPlatforms) = postSolution
		{09C9C7F1-E071-4DCC-BAD6-FCF09D3AD587}.Debug|Any CPU.ActiveCfg = Debug|Any CPU
		{09C9C7F1-E071-4DCC-BAD6-FCF09D3AD587}.Debug|Any CPU.Build.0 = Debug|Any CPU
		{09C9C7F1-E071-4DCC-BAD6-FCF09D3AD587}.Release|Any CPU.ActiveCfg = Release|Any CPU
		{09C9C7F1-E071-4DCC-BAD6-FCF09D3AD587}.Release|Any CPU.Build.0 = Release|Any CPU
	EndGlobalSection
	GlobalSection(SolutionProperties) = preSolution
		HideSolutionNode = FALSE
	EndGlobalSection
	GlobalSection(ExtensibilityGlobals) = postSolution
		SolutionGuid = {5EFB1605-9509-4FB3-8DB3-F0BAC1F49270}
	EndGlobalSection
EndGlobal
