
Microsoft Visual Studio Solution File, Format Version 12.00
# Visual Studio Version 17
VisualStudioVersion = 17.2.32630.192
MinimumVisualStudioVersion = 10.0.40219.1
Project("{FAE04EC0-301F-11D3-BF4B-00C04F79EFBC}") = "While(true) 활용", "While(true) 활용\While(true) 활용.csproj", "{125A689D-449B-4745-A99C-27010B6D1665}"
EndProject
Global
	GlobalSection(SolutionConfigurationPlatforms) = preSolution
		Debug|Any CPU = Debug|Any CPU
		Release|Any CPU = Release|Any CPU
	EndGlobalSection
	GlobalSection(ProjectConfigurationPlatforms) = postSolution
		{125A689D-449B-4745-A99C-27010B6D1665}.Debug|Any CPU.ActiveCfg = Debug|Any CPU
		{125A689D-449B-4745-A99C-27010B6D1665}.Debug|Any CPU.Build.0 = Debug|Any CPU
		{125A689D-449B-4745-A99C-27010B6D1665}.Release|Any CPU.ActiveCfg = Release|Any CPU
		{125A689D-449B-4745-A99C-27010B6D1665}.Release|Any CPU.Build.0 = Release|Any CPU
	EndGlobalSection
	GlobalSection(SolutionProperties) = preSolution
		HideSolutionNode = FALSE
	EndGlobalSection
	GlobalSection(ExtensibilityGlobals) = postSolution
		SolutionGuid = {B2432D59-3998-4C7C-9EAF-48327C974890}
	EndGlobalSection
EndGlobal
