
Microsoft Visual Studio Solution File, Format Version 12.00
# Visual Studio Version 17
VisualStudioVersion = 17.2.32630.192
MinimumVisualStudioVersion = 10.0.40219.1
Project("{FAE04EC0-301F-11D3-BF4B-00C04F79EFBC}") = "07-(1)", "07-(1)\07-(1).csproj", "{22246853-F542-4B0A-B990-FFECADE77219}"
EndProject
Global
	GlobalSection(SolutionConfigurationPlatforms) = preSolution
		Debug|Any CPU = Debug|Any CPU
		Release|Any CPU = Release|Any CPU
	EndGlobalSection
	GlobalSection(ProjectConfigurationPlatforms) = postSolution
		{22246853-F542-4B0A-B990-FFECADE77219}.Debug|Any CPU.ActiveCfg = Debug|Any CPU
		{22246853-F542-4B0A-B990-FFECADE77219}.Debug|Any CPU.Build.0 = Debug|Any CPU
		{22246853-F542-4B0A-B990-FFECADE77219}.Release|Any CPU.ActiveCfg = Release|Any CPU
		{22246853-F542-4B0A-B990-FFECADE77219}.Release|Any CPU.Build.0 = Release|Any CPU
	EndGlobalSection
	GlobalSection(SolutionProperties) = preSolution
		HideSolutionNode = FALSE
	EndGlobalSection
	GlobalSection(ExtensibilityGlobals) = postSolution
		SolutionGuid = {E0A44BE8-B6AB-4F63-818E-0B249652044D}
	EndGlobalSection
EndGlobal
