
Microsoft Visual Studio Solution File, Format Version 12.00
# Visual Studio Version 17
VisualStudioVersion = 17.2.32630.192
MinimumVisualStudioVersion = 10.0.40219.1
Project("{FAE04EC0-301F-11D3-BF4B-00C04F79EFBC}") = "09-(3) 구구단 짝수단만 출력", "09-(3) 구구단 짝수단만 출력\09-(3) 구구단 짝수단만 출력.csproj", "{C55DE7EF-14D4-4018-8F65-0436695FA4FC}"
EndProject
Project("{9A19103F-16F7-4668-BE54-9A1E7A4F7556}") = "Gugudan", "..\..\..\09\Gugudan\Gugudan\Gugudan.csproj", "{832DBF02-C457-4354-B233-A93C69ADCD68}"
EndProject
Global
	GlobalSection(SolutionConfigurationPlatforms) = preSolution
		Debug|Any CPU = Debug|Any CPU
		Release|Any CPU = Release|Any CPU
	EndGlobalSection
	GlobalSection(ProjectConfigurationPlatforms) = postSolution
		{C55DE7EF-14D4-4018-8F65-0436695FA4FC}.Debug|Any CPU.ActiveCfg = Debug|Any CPU
		{C55DE7EF-14D4-4018-8F65-0436695FA4FC}.Debug|Any CPU.Build.0 = Debug|Any CPU
		{C55DE7EF-14D4-4018-8F65-0436695FA4FC}.Release|Any CPU.ActiveCfg = Release|Any CPU
		{C55DE7EF-14D4-4018-8F65-0436695FA4FC}.Release|Any CPU.Build.0 = Release|Any CPU
		{832DBF02-C457-4354-B233-A93C69ADCD68}.Debug|Any CPU.ActiveCfg = Debug|Any CPU
		{832DBF02-C457-4354-B233-A93C69ADCD68}.Debug|Any CPU.Build.0 = Debug|Any CPU
		{832DBF02-C457-4354-B233-A93C69ADCD68}.Release|Any CPU.ActiveCfg = Release|Any CPU
		{832DBF02-C457-4354-B233-A93C69ADCD68}.Release|Any CPU.Build.0 = Release|Any CPU
	EndGlobalSection
	GlobalSection(SolutionProperties) = preSolution
		HideSolutionNode = FALSE
	EndGlobalSection
	GlobalSection(ExtensibilityGlobals) = postSolution
		SolutionGuid = {61A68287-273D-4FC4-ACEB-E8FE5F131D3E}
	EndGlobalSection
EndGlobal
