
Microsoft Visual Studio Solution File, Format Version 12.00
# Visual Studio Version 17
VisualStudioVersion = 17.2.32630.192
MinimumVisualStudioVersion = 10.0.40219.1
Project("{FAE04EC0-301F-11D3-BF4B-00C04F79EFBC}") = "도어락(비밀번호 6개)", "도어락(비밀번호 6개)\도어락(비밀번호 6개).csproj", "{BA0531BD-76EE-4B14-9F3D-87415AD58EB5}"
EndProject
Global
	GlobalSection(SolutionConfigurationPlatforms) = preSolution
		Debug|Any CPU = Debug|Any CPU
		Release|Any CPU = Release|Any CPU
	EndGlobalSection
	GlobalSection(ProjectConfigurationPlatforms) = postSolution
		{BA0531BD-76EE-4B14-9F3D-87415AD58EB5}.Debug|Any CPU.ActiveCfg = Debug|Any CPU
		{BA0531BD-76EE-4B14-9F3D-87415AD58EB5}.Debug|Any CPU.Build.0 = Debug|Any CPU
		{BA0531BD-76EE-4B14-9F3D-87415AD58EB5}.Release|Any CPU.ActiveCfg = Release|Any CPU
		{BA0531BD-76EE-4B14-9F3D-87415AD58EB5}.Release|Any CPU.Build.0 = Release|Any CPU
	EndGlobalSection
	GlobalSection(SolutionProperties) = preSolution
		HideSolutionNode = FALSE
	EndGlobalSection
	GlobalSection(ExtensibilityGlobals) = postSolution
		SolutionGuid = {66FC85A2-1702-4A36-8D8C-FB7944B925C0}
	EndGlobalSection
EndGlobal
