
Microsoft Visual Studio Solution File, Format Version 12.00
# Visual Studio Version 17
VisualStudioVersion = 17.2.32630.192
MinimumVisualStudioVersion = 10.0.40219.1
Project("{FAE04EC0-301F-11D3-BF4B-00C04F79EFBC}") = "4", "4\4.csproj", "{7785F402-C204-4FC1-84BA-BF8A24D26B0A}"
EndProject
Global
	GlobalSection(SolutionConfigurationPlatforms) = preSolution
		Debug|Any CPU = Debug|Any CPU
		Release|Any CPU = Release|Any CPU
	EndGlobalSection
	GlobalSection(ProjectConfigurationPlatforms) = postSolution
		{7785F402-C204-4FC1-84BA-BF8A24D26B0A}.Debug|Any CPU.ActiveCfg = Debug|Any CPU
		{7785F402-C204-4FC1-84BA-BF8A24D26B0A}.Debug|Any CPU.Build.0 = Debug|Any CPU
		{7785F402-C204-4FC1-84BA-BF8A24D26B0A}.Release|Any CPU.ActiveCfg = Release|Any CPU
		{7785F402-C204-4FC1-84BA-BF8A24D26B0A}.Release|Any CPU.Build.0 = Release|Any CPU
	EndGlobalSection
	GlobalSection(SolutionProperties) = preSolution
		HideSolutionNode = FALSE
	EndGlobalSection
	GlobalSection(ExtensibilityGlobals) = postSolution
		SolutionGuid = {042BB83C-6CC2-424C-8AAD-992652BA430F}
	EndGlobalSection
EndGlobal
