
Microsoft Visual Studio Solution File, Format Version 12.00
# Visual Studio Version 17
VisualStudioVersion = 17.2.32630.192
MinimumVisualStudioVersion = 10.0.40219.1
Project("{FAE04EC0-301F-11D3-BF4B-00C04F79EFBC}") = "ComparisonOperators", "ComparisonOperators\ComparisonOperators.csproj", "{8416C021-0DD5-466B-94CD-348EFB8CCF60}"
EndProject
Global
	GlobalSection(SolutionConfigurationPlatforms) = preSolution
		Debug|Any CPU = Debug|Any CPU
		Release|Any CPU = Release|Any CPU
	EndGlobalSection
	GlobalSection(ProjectConfigurationPlatforms) = postSolution
		{8416C021-0DD5-466B-94CD-348EFB8CCF60}.Debug|Any CPU.ActiveCfg = Debug|Any CPU
		{8416C021-0DD5-466B-94CD-348EFB8CCF60}.Debug|Any CPU.Build.0 = Debug|Any CPU
		{8416C021-0DD5-466B-94CD-348EFB8CCF60}.Release|Any CPU.ActiveCfg = Release|Any CPU
		{8416C021-0DD5-466B-94CD-348EFB8CCF60}.Release|Any CPU.Build.0 = Release|Any CPU
	EndGlobalSection
	GlobalSection(SolutionProperties) = preSolution
		HideSolutionNode = FALSE
	EndGlobalSection
	GlobalSection(ExtensibilityGlobals) = postSolution
		SolutionGuid = {FEFBAF5C-D6E3-405B-8DBC-541D049A006E}
	EndGlobalSection
EndGlobal
