
Microsoft Visual Studio Solution File, Format Version 12.00
# Visual Studio Version 17
VisualStudioVersion = 17.2.32630.192
MinimumVisualStudioVersion = 10.0.40219.1
Project("{FAE04EC0-301F-11D3-BF4B-00C04F79EFBC}") = "Echo", "Echo\Echo.csproj", "{37FD6458-D122-4BBE-B8BD-02B52E967196}"
EndProject
Global
	GlobalSection(SolutionConfigurationPlatforms) = preSolution
		Debug|Any CPU = Debug|Any CPU
		Release|Any CPU = Release|Any CPU
	EndGlobalSection
	GlobalSection(ProjectConfigurationPlatforms) = postSolution
		{37FD6458-D122-4BBE-B8BD-02B52E967196}.Debug|Any CPU.ActiveCfg = Debug|Any CPU
		{37FD6458-D122-4BBE-B8BD-02B52E967196}.Debug|Any CPU.Build.0 = Debug|Any CPU
		{37FD6458-D122-4BBE-B8BD-02B52E967196}.Release|Any CPU.ActiveCfg = Release|Any CPU
		{37FD6458-D122-4BBE-B8BD-02B52E967196}.Release|Any CPU.Build.0 = Release|Any CPU
	EndGlobalSection
	GlobalSection(SolutionProperties) = preSolution
		HideSolutionNode = FALSE
	EndGlobalSection
	GlobalSection(ExtensibilityGlobals) = postSolution
		SolutionGuid = {B3F0A604-0D55-4FE1-8D39-EEAF98A54497}
	EndGlobalSection
EndGlobal
